schema: '2.0'
stages:
  data_ingestion:
    cmd: python src/data_ingestion.py
    deps:
    - path: src/data_ingestion.py
      hash: md5
      md5: 3803b891facba5f312310aa8b5ce31dd
      size: 3673
    params:
      params.yaml:
        data_ingestion.test_size: 0.2
    outs:
    - path: data/raw
      hash: md5
      md5: 1a287d34dc172d9f950c03dae35f7e73.dir
      size: 484846
      nfiles: 2
  data_preprocessing:
    cmd: python src/data_preprocessing.py
    deps:
    - path: data/raw
      hash: md5
      md5: 1a287d34dc172d9f950c03dae35f7e73.dir
      size: 484846
      nfiles: 2
    - path: src/data_preprocessing.py
      hash: md5
      md5: 10950ed9bc52c036041d85cd9ef11524
      size: 3579
    outs:
    - path: data/interim
      hash: md5
      md5: b118128753ee21f40477e1b92df9c3d5.dir
      size: 409834
      nfiles: 2
  feature_engineering:
    cmd: python src/feature_engineering.py
    deps:
    - path: data/interim
      hash: md5
      md5: b118128753ee21f40477e1b92df9c3d5.dir
      size: 409834
      nfiles: 2
    - path: src/feature_engineering.py
      hash: md5
      md5: bc03059b6e4a540423e20cf4ec966f48
      size: 3952
    params:
      params.yaml:
        feature_engineering.max_features: 22
    outs:
    - path: data/processed
      hash: md5
      md5: ee2044d9668f880c45da4865ed1d5157.dir
      size: 1865283
      nfiles: 2
  model_building:
    cmd: python src/model_building.py
    deps:
    - path: data/processed
      hash: md5
      md5: ee2044d9668f880c45da4865ed1d5157.dir
      size: 1865283
      nfiles: 2
    - path: src/model_building.py
      hash: md5
      md5: 3f2928314d972960bc2c8037c5df4f9a
      size: 5116
    params:
      params.yaml:
        model_building.n_estimators: 26
        model_building.random_state: 2
    outs:
    - path: models/model.pkl
      hash: md5
      md5: 17650dab5fe395aca2e10a2440a3e224
      size: 1038851
    - path: models/modelxgboost.pkl
      hash: md5
      md5: 1cf87049667004ec6d4b4776dc767606
      size: 140667
  model_evaluation:
    cmd: python src/model_evaluation.py
    deps:
    - path: models/model.pkl
      hash: md5
      md5: 17650dab5fe395aca2e10a2440a3e224
      size: 1038851
    - path: models/modelxgboost.pkl
      hash: md5
      md5: 1cf87049667004ec6d4b4776dc767606
      size: 140667
    - path: src/model_evaluation.py
      hash: md5
      md5: 57f55388fe6dafbed6fde082934a1b63
      size: 4855
    outs:
    - path: reports/metrics.json
      hash: md5
      md5: a6941423b13cde9e5e4ab06a3b1e9ba9
      size: 144
    - path: reports/xgboost_metrics.json
      hash: md5
      md5: e996121ff6de34b44be2e56f6c65c726
      size: 145
